// !$*UTF8*$!
{
	archiveVersion = 1;
	classes = {
	};
	objectVersion = 48;
	objects = {

/* Begin PBXBuildFile section */
		CE126A691FC59A4B004A4472 /* CardGameViewController.m in Sources */ = {isa = PBXBuildFile; fileRef = CE126A681FC59A4B004A4472 /* CardGameViewController.m */; };
		CE126A6C1FC59B25004A4472 /* SetGameViewController.m in Sources */ = {isa = PBXBuildFile; fileRef = CE126A6B1FC59B25004A4472 /* SetGameViewController.m */; };
		CEA67C9B1FAB8E9D00A64AB6 /* AppDelegate.m in Sources */ = {isa = PBXBuildFile; fileRef = CEA67C9A1FAB8E9D00A64AB6 /* AppDelegate.m */; };
		CEA67C9E1FAB8E9D00A64AB6 /* ViewController.m in Sources */ = {isa = PBXBuildFile; fileRef = CEA67C9D1FAB8E9D00A64AB6 /* ViewController.m */; };
		CEA67CA11FAB8E9D00A64AB6 /* Main.storyboard in Resources */ = {isa = PBXBuildFile; fileRef = CEA67C9F1FAB8E9D00A64AB6 /* Main.storyboard */; };
		CEA67CA31FAB8E9D00A64AB6 /* Assets.xcassets in Resources */ = {isa = PBXBuildFile; fileRef = CEA67CA21FAB8E9D00A64AB6 /* Assets.xcassets */; };
		CEA67CA61FAB8E9D00A64AB6 /* LaunchScreen.storyboard in Resources */ = {isa = PBXBuildFile; fileRef = CEA67CA41FAB8E9D00A64AB6 /* LaunchScreen.storyboard */; };
		CEA67CA91FAB8E9D00A64AB6 /* main.m in Sources */ = {isa = PBXBuildFile; fileRef = CEA67CA81FAB8E9D00A64AB6 /* main.m */; };
		CEA67CB31FAB8E9D00A64AB6 /* T1_2CardGameTests.m in Sources */ = {isa = PBXBuildFile; fileRef = CEA67CB21FAB8E9D00A64AB6 /* T1_2CardGameTests.m */; };
		CEA67CBE1FAB8E9D00A64AB6 /* T1_2CardGameUITests.m in Sources */ = {isa = PBXBuildFile; fileRef = CEA67CBD1FAB8E9D00A64AB6 /* T1_2CardGameUITests.m */; };
		CEEA82081FB5C7CB00B0043A /* Card.m in Sources */ = {isa = PBXBuildFile; fileRef = CEEA81FF1FB5C7CB00B0043A /* Card.m */; };
		CEEA82091FB5C7CB00B0043A /* CardMatchingGame.m in Sources */ = {isa = PBXBuildFile; fileRef = CEEA82011FB5C7CB00B0043A /* CardMatchingGame.m */; };
		CEEA820A1FB5C7CB00B0043A /* Deck.m in Sources */ = {isa = PBXBuildFile; fileRef = CEEA82031FB5C7CB00B0043A /* Deck.m */; };
		CEEA820B1FB5C7CB00B0043A /* PlayingCard.m in Sources */ = {isa = PBXBuildFile; fileRef = CEEA82051FB5C7CB00B0043A /* PlayingCard.m */; };
		CEEA820C1FB5C7CB00B0043A /* PlayingCardDeck.m in Sources */ = {isa = PBXBuildFile; fileRef = CEEA82071FB5C7CB00B0043A /* PlayingCardDeck.m */; };
		CEEF23641FE2B1A1006B493D /* Grid.m in Sources */ = {isa = PBXBuildFile; fileRef = CEEF23631FE2B1A1006B493D /* Grid.m */; };
		CEEF23691FE2B70F006B493D /* Draw.m in Sources */ = {isa = PBXBuildFile; fileRef = CEEF23681FE2B70F006B493D /* Draw.m */; };
		CEEF236C1FE2CA3A006B493D /* PlayingCardSetViewDeck.m in Sources */ = {isa = PBXBuildFile; fileRef = CEEF236B1FE2CA3A006B493D /* PlayingCardSetViewDeck.m */; };
		CEEF23721FE2CB11006B493D /* CardView.m in Sources */ = {isa = PBXBuildFile; fileRef = CEEF23711FE2CB11006B493D /* CardView.m */; };
		CEEF23751FE2CB74006B493D /* DeckView.m in Sources */ = {isa = PBXBuildFile; fileRef = CEEF23741FE2CB74006B493D /* DeckView.m */; };
		CEEF23781FE2CDB4006B493D /* PlayingCardSetView.m in Sources */ = {isa = PBXBuildFile; fileRef = CEEF23771FE2CDB4006B493D /* PlayingCardSetView.m */; };
		CEEF237B1FE2D05F006B493D /* CardMatchingGameView.m in Sources */ = {isa = PBXBuildFile; fileRef = CEEF237A1FE2D05F006B493D /* CardMatchingGameView.m */; };
/* End PBXBuildFile section */

/* Begin PBXContainerItemProxy section */
		CEA67CAF1FAB8E9D00A64AB6 /* PBXContainerItemProxy */ = {
			isa = PBXContainerItemProxy;
			containerPortal = CEA67C8E1FAB8E9D00A64AB6 /* Project object */;
			proxyType = 1;
			remoteGlobalIDString = CEA67C951FAB8E9D00A64AB6;
			remoteInfo = "T1-2CardGame";
		};
		CEA67CBA1FAB8E9D00A64AB6 /* PBXContainerItemProxy */ = {
			isa = PBXContainerItemProxy;
			containerPortal = CEA67C8E1FAB8E9D00A64AB6 /* Project object */;
			proxyType = 1;
			remoteGlobalIDString = CEA67C951FAB8E9D00A64AB6;
			remoteInfo = "T1-2CardGame";
		};
/* End PBXContainerItemProxy section */

/* Begin PBXFileReference section */
		CE126A671FC59A4B004A4472 /* CardGameViewController.h */ = {isa = PBXFileReference; lastKnownFileType = sourcecode.c.h; path = CardGameViewController.h; sourceTree = "<group>"; };
		CE126A681FC59A4B004A4472 /* CardGameViewController.m */ = {isa = PBXFileReference; lastKnownFileType = sourcecode.c.objc; path = CardGameViewController.m; sourceTree = "<group>"; };
		CE126A6A1FC59B25004A4472 /* SetGameViewController.h */ = {isa = PBXFileReference; lastKnownFileType = sourcecode.c.h; path = SetGameViewController.h; sourceTree = "<group>"; };
		CE126A6B1FC59B25004A4472 /* SetGameViewController.m */ = {isa = PBXFileReference; lastKnownFileType = sourcecode.c.objc; path = SetGameViewController.m; sourceTree = "<group>"; };
		CEA67C961FAB8E9D00A64AB6 /* T1-2CardGame.app */ = {isa = PBXFileReference; explicitFileType = wrapper.application; includeInIndex = 0; path = "T1-2CardGame.app"; sourceTree = BUILT_PRODUCTS_DIR; };
		CEA67C991FAB8E9D00A64AB6 /* AppDelegate.h */ = {isa = PBXFileReference; lastKnownFileType = sourcecode.c.h; path = AppDelegate.h; sourceTree = "<group>"; };
		CEA67C9A1FAB8E9D00A64AB6 /* AppDelegate.m */ = {isa = PBXFileReference; lastKnownFileType = sourcecode.c.objc; path = AppDelegate.m; sourceTree = "<group>"; };
		CEA67C9C1FAB8E9D00A64AB6 /* ViewController.h */ = {isa = PBXFileReference; lastKnownFileType = sourcecode.c.h; path = ViewController.h; sourceTree = "<group>"; };
		CEA67C9D1FAB8E9D00A64AB6 /* ViewController.m */ = {isa = PBXFileReference; lastKnownFileType = sourcecode.c.objc; path = ViewController.m; sourceTree = "<group>"; };
		CEA67CA01FAB8E9D00A64AB6 /* Base */ = {isa = PBXFileReference; lastKnownFileType = file.storyboard; name = Base; path = Base.lproj/Main.storyboard; sourceTree = "<group>"; };
		CEA67CA21FAB8E9D00A64AB6 /* Assets.xcassets */ = {isa = PBXFileReference; lastKnownFileType = folder.assetcatalog; path = Assets.xcassets; sourceTree = "<group>"; };
		CEA67CA51FAB8E9D00A64AB6 /* Base */ = {isa = PBXFileReference; lastKnownFileType = file.storyboard; name = Base; path = Base.lproj/LaunchScreen.storyboard; sourceTree = "<group>"; };
		CEA67CA71FAB8E9D00A64AB6 /* Info.plist */ = {isa = PBXFileReference; lastKnownFileType = text.plist.xml; path = Info.plist; sourceTree = "<group>"; };
		CEA67CA81FAB8E9D00A64AB6 /* main.m */ = {isa = PBXFileReference; lastKnownFileType = sourcecode.c.objc; path = main.m; sourceTree = "<group>"; };
		CEA67CAE1FAB8E9D00A64AB6 /* T1-2CardGameTests.xctest */ = {isa = PBXFileReference; explicitFileType = wrapper.cfbundle; includeInIndex = 0; path = "T1-2CardGameTests.xctest"; sourceTree = BUILT_PRODUCTS_DIR; };
		CEA67CB21FAB8E9D00A64AB6 /* T1_2CardGameTests.m */ = {isa = PBXFileReference; lastKnownFileType = sourcecode.c.objc; path = T1_2CardGameTests.m; sourceTree = "<group>"; };
		CEA67CB41FAB8E9D00A64AB6 /* Info.plist */ = {isa = PBXFileReference; lastKnownFileType = text.plist.xml; path = Info.plist; sourceTree = "<group>"; };
		CEA67CB91FAB8E9D00A64AB6 /* T1-2CardGameUITests.xctest */ = {isa = PBXFileReference; explicitFileType = wrapper.cfbundle; includeInIndex = 0; path = "T1-2CardGameUITests.xctest"; sourceTree = BUILT_PRODUCTS_DIR; };
		CEA67CBD1FAB8E9D00A64AB6 /* T1_2CardGameUITests.m */ = {isa = PBXFileReference; lastKnownFileType = sourcecode.c.objc; path = T1_2CardGameUITests.m; sourceTree = "<group>"; };
		CEA67CBF1FAB8E9D00A64AB6 /* Info.plist */ = {isa = PBXFileReference; lastKnownFileType = text.plist.xml; path = Info.plist; sourceTree = "<group>"; };
		CEEA81FE1FB5C7CB00B0043A /* Card.h */ = {isa = PBXFileReference; fileEncoding = 4; lastKnownFileType = sourcecode.c.h; path = Card.h; sourceTree = "<group>"; };
		CEEA81FF1FB5C7CB00B0043A /* Card.m */ = {isa = PBXFileReference; fileEncoding = 4; lastKnownFileType = sourcecode.c.objc; path = Card.m; sourceTree = "<group>"; };
		CEEA82001FB5C7CB00B0043A /* CardMatchingGame.h */ = {isa = PBXFileReference; fileEncoding = 4; lastKnownFileType = sourcecode.c.h; path = CardMatchingGame.h; sourceTree = "<group>"; };
		CEEA82011FB5C7CB00B0043A /* CardMatchingGame.m */ = {isa = PBXFileReference; fileEncoding = 4; lastKnownFileType = sourcecode.c.objc; path = CardMatchingGame.m; sourceTree = "<group>"; };
		CEEA82021FB5C7CB00B0043A /* Deck.h */ = {isa = PBXFileReference; fileEncoding = 4; lastKnownFileType = sourcecode.c.h; path = Deck.h; sourceTree = "<group>"; };
		CEEA82031FB5C7CB00B0043A /* Deck.m */ = {isa = PBXFileReference; fileEncoding = 4; lastKnownFileType = sourcecode.c.objc; path = Deck.m; sourceTree = "<group>"; };
		CEEA82041FB5C7CB00B0043A /* PlayingCard.h */ = {isa = PBXFileReference; fileEncoding = 4; lastKnownFileType = sourcecode.c.h; path = PlayingCard.h; sourceTree = "<group>"; };
		CEEA82051FB5C7CB00B0043A /* PlayingCard.m */ = {isa = PBXFileReference; fileEncoding = 4; lastKnownFileType = sourcecode.c.objc; path = PlayingCard.m; sourceTree = "<group>"; };
		CEEA82061FB5C7CB00B0043A /* PlayingCardDeck.h */ = {isa = PBXFileReference; fileEncoding = 4; lastKnownFileType = sourcecode.c.h; path = PlayingCardDeck.h; sourceTree = "<group>"; };
		CEEA82071FB5C7CB00B0043A /* PlayingCardDeck.m */ = {isa = PBXFileReference; fileEncoding = 4; lastKnownFileType = sourcecode.c.objc; path = PlayingCardDeck.m; sourceTree = "<group>"; };
		CEEF23631FE2B1A1006B493D /* Grid.m */ = {isa = PBXFileReference; fileEncoding = 4; lastKnownFileType = sourcecode.c.objc; path = Grid.m; sourceTree = "<group>"; };
		CEEF23651FE2B1A9006B493D /* Grid.h */ = {isa = PBXFileReference; lastKnownFileType = sourcecode.c.h; path = Grid.h; sourceTree = "<group>"; };
		CEEF23671FE2B70B006B493D /* Draw.h */ = {isa = PBXFileReference; lastKnownFileType = sourcecode.c.h; path = Draw.h; sourceTree = "<group>"; };
		CEEF23681FE2B70F006B493D /* Draw.m */ = {isa = PBXFileReference; fileEncoding = 4; lastKnownFileType = sourcecode.c.objc; path = Draw.m; sourceTree = "<group>"; };
		CEEF236A1FE2CA3A006B493D /* PlayingCardSetViewDeck.h */ = {isa = PBXFileReference; lastKnownFileType = sourcecode.c.h; path = PlayingCardSetViewDeck.h; sourceTree = "<group>"; };
		CEEF236B1FE2CA3A006B493D /* PlayingCardSetViewDeck.m */ = {isa = PBXFileReference; lastKnownFileType = sourcecode.c.objc; path = PlayingCardSetViewDeck.m; sourceTree = "<group>"; };
		CEEF23701FE2CB11006B493D /* CardView.h */ = {isa = PBXFileReference; lastKnownFileType = sourcecode.c.h; path = CardView.h; sourceTree = "<group>"; };
		CEEF23711FE2CB11006B493D /* CardView.m */ = {isa = PBXFileReference; lastKnownFileType = sourcecode.c.objc; path = CardView.m; sourceTree = "<group>"; };
		CEEF23731FE2CB74006B493D /* DeckView.h */ = {isa = PBXFileReference; lastKnownFileType = sourcecode.c.h; path = DeckView.h; sourceTree = "<group>"; };
		CEEF23741FE2CB74006B493D /* DeckView.m */ = {isa = PBXFileReference; lastKnownFileType = sourcecode.c.objc; path = DeckView.m; sourceTree = "<group>"; };
		CEEF23761FE2CDB4006B493D /* PlayingCardSetView.h */ = {isa = PBXFileReference; lastKnownFileType = sourcecode.c.h; path = PlayingCardSetView.h; sourceTree = "<group>"; };
		CEEF23771FE2CDB4006B493D /* PlayingCardSetView.m */ = {isa = PBXFileReference; lastKnownFileType = sourcecode.c.objc; path = PlayingCardSetView.m; sourceTree = "<group>"; };
		CEEF23791FE2D05F006B493D /* CardMatchingGameView.h */ = {isa = PBXFileReference; lastKnownFileType = sourcecode.c.h; path = CardMatchingGameView.h; sourceTree = "<group>"; };
		CEEF237A1FE2D05F006B493D /* CardMatchingGameView.m */ = {isa = PBXFileReference; lastKnownFileType = sourcecode.c.objc; path = CardMatchingGameView.m; sourceTree = "<group>"; };
/* End PBXFileReference section */

/* Begin PBXFrameworksBuildPhase section */
		CEA67C931FAB8E9D00A64AB6 /* Frameworks */ = {
			isa = PBXFrameworksBuildPhase;
			buildActionMask = 2147483647;
			files = (
			);
			runOnlyForDeploymentPostprocessing = 0;
		};
		CEA67CAB1FAB8E9D00A64AB6 /* Frameworks */ = {
			isa = PBXFrameworksBuildPhase;
			buildActionMask = 2147483647;
			files = (
			);
			runOnlyForDeploymentPostprocessing = 0;
		};
		CEA67CB61FAB8E9D00A64AB6 /* Frameworks */ = {
			isa = PBXFrameworksBuildPhase;
			buildActionMask = 2147483647;
			files = (
			);
			runOnlyForDeploymentPostprocessing = 0;
		};
/* End PBXFrameworksBuildPhase section */

/* Begin PBXGroup section */
		CEA67C8D1FAB8E9D00A64AB6 = {
			isa = PBXGroup;
			children = (
				CEA67C981FAB8E9D00A64AB6 /* T1-2CardGame */,
				CEA67CB11FAB8E9D00A64AB6 /* T1-2CardGameTests */,
				CEA67CBC1FAB8E9D00A64AB6 /* T1-2CardGameUITests */,
				CEA67C971FAB8E9D00A64AB6 /* Products */,
			);
			sourceTree = "<group>";
		};
		CEA67C971FAB8E9D00A64AB6 /* Products */ = {
			isa = PBXGroup;
			children = (
				CEA67C961FAB8E9D00A64AB6 /* T1-2CardGame.app */,
				CEA67CAE1FAB8E9D00A64AB6 /* T1-2CardGameTests.xctest */,
				CEA67CB91FAB8E9D00A64AB6 /* T1-2CardGameUITests.xctest */,
			);
			name = Products;
			sourceTree = "<group>";
		};
		CEA67C981FAB8E9D00A64AB6 /* T1-2CardGame */ = {
			isa = PBXGroup;
			children = (
				CEA67C991FAB8E9D00A64AB6 /* AppDelegate.h */,
				CEA67C9A1FAB8E9D00A64AB6 /* AppDelegate.m */,
				CEA67C9C1FAB8E9D00A64AB6 /* ViewController.h */,
				CEA67C9D1FAB8E9D00A64AB6 /* ViewController.m */,
				CE126A671FC59A4B004A4472 /* CardGameViewController.h */,
				CE126A681FC59A4B004A4472 /* CardGameViewController.m */,
				CE126A6A1FC59B25004A4472 /* SetGameViewController.h */,
				CE126A6B1FC59B25004A4472 /* SetGameViewController.m */,
				CEEF23661FE2B6E2006B493D /* Draw */,
				CEEF23621FE2B177006B493D /* Grid */,
				CEEA81FD1FB5C7CB00B0043A /* Model */,
				CEA67C9F1FAB8E9D00A64AB6 /* Main.storyboard */,
				CEA67CA21FAB8E9D00A64AB6 /* Assets.xcassets */,
				CEA67CA41FAB8E9D00A64AB6 /* LaunchScreen.storyboard */,
				CEA67CA71FAB8E9D00A64AB6 /* Info.plist */,
				CEA67CA81FAB8E9D00A64AB6 /* main.m */,
			);
			path = "T1-2CardGame";
			sourceTree = "<group>";
		};
		CEA67CB11FAB8E9D00A64AB6 /* T1-2CardGameTests */ = {
			isa = PBXGroup;
			children = (
				CEA67CB21FAB8E9D00A64AB6 /* T1_2CardGameTests.m */,
				CEA67CB41FAB8E9D00A64AB6 /* Info.plist */,
			);
			path = "T1-2CardGameTests";
			sourceTree = "<group>";
		};
		CEA67CBC1FAB8E9D00A64AB6 /* T1-2CardGameUITests */ = {
			isa = PBXGroup;
			children = (
				CEA67CBD1FAB8E9D00A64AB6 /* T1_2CardGameUITests.m */,
				CEA67CBF1FAB8E9D00A64AB6 /* Info.plist */,
			);
			path = "T1-2CardGameUITests";
			sourceTree = "<group>";
		};
		CEAC5E5A1FC6F11800E33F4D /* PlayingCard */ = {
			isa = PBXGroup;
			children = (
				CEEA82041FB5C7CB00B0043A /* PlayingCard.h */,
				CEEA82051FB5C7CB00B0043A /* PlayingCard.m */,
				CEEF23761FE2CDB4006B493D /* PlayingCardSetView.h */,
				CEEF23771FE2CDB4006B493D /* PlayingCardSetView.m */,
			);
			path = PlayingCard;
			sourceTree = "<group>";
		};
		CEAC5E5B1FC6F15600E33F4D /* PlayingCardDeck */ = {
			isa = PBXGroup;
			children = (
				CEEA82061FB5C7CB00B0043A /* PlayingCardDeck.h */,
				CEEA82071FB5C7CB00B0043A /* PlayingCardDeck.m */,
				CEEF236A1FE2CA3A006B493D /* PlayingCardSetViewDeck.h */,
				CEEF236B1FE2CA3A006B493D /* PlayingCardSetViewDeck.m */,
			);
			path = PlayingCardDeck;
			sourceTree = "<group>";
		};
		CEAC5E5C1FC6F19400E33F4D /* CardMatchingGame */ = {
			isa = PBXGroup;
			children = (
				CEEA82001FB5C7CB00B0043A /* CardMatchingGame.h */,
				CEEA82011FB5C7CB00B0043A /* CardMatchingGame.m */,
				CEEF23791FE2D05F006B493D /* CardMatchingGameView.h */,
				CEEF237A1FE2D05F006B493D /* CardMatchingGameView.m */,
			);
			path = CardMatchingGame;
			sourceTree = "<group>";
		};
		CEEA81FD1FB5C7CB00B0043A /* Model */ = {
			isa = PBXGroup;
			children = (
				CEEA81FE1FB5C7CB00B0043A /* Card.h */,
				CEEA81FF1FB5C7CB00B0043A /* Card.m */,
				CEEF23701FE2CB11006B493D /* CardView.h */,
				CEEF23711FE2CB11006B493D /* CardView.m */,
				CEEA82021FB5C7CB00B0043A /* Deck.h */,
				CEEA82031FB5C7CB00B0043A /* Deck.m */,
				CEEF23731FE2CB74006B493D /* DeckView.h */,
				CEEF23741FE2CB74006B493D /* DeckView.m */,
				CEAC5E5C1FC6F19400E33F4D /* CardMatchingGame */,
				CEAC5E5A1FC6F11800E33F4D /* PlayingCard */,
				CEAC5E5B1FC6F15600E33F4D /* PlayingCardDeck */,
			);
			path = Model;
			sourceTree = "<group>";
		};
		CEEF23621FE2B177006B493D /* Grid */ = {
			isa = PBXGroup;
			children = (
				CEEF23651FE2B1A9006B493D /* Grid.h */,
				CEEF23631FE2B1A1006B493D /* Grid.m */,
			);
			path = Grid;
			sourceTree = "<group>";
		};
		CEEF23661FE2B6E2006B493D /* Draw */ = {
			isa = PBXGroup;
			children = (
				CEEF23671FE2B70B006B493D /* Draw.h */,
				CEEF23681FE2B70F006B493D /* Draw.m */,
			);
			path = Draw;
			sourceTree = "<group>";
		};
/* End PBXGroup section */

/* Begin PBXNativeTarget section */
		CEA67C951FAB8E9D00A64AB6 /* T1-2CardGame */ = {
			isa = PBXNativeTarget;
			buildConfigurationList = CEA67CC21FAB8E9D00A64AB6 /* Build configuration list for PBXNativeTarget "T1-2CardGame" */;
			buildPhases = (
				CEA67C921FAB8E9D00A64AB6 /* Sources */,
				CEA67C931FAB8E9D00A64AB6 /* Frameworks */,
				CEA67C941FAB8E9D00A64AB6 /* Resources */,
			);
			buildRules = (
			);
			dependencies = (
			);
			name = "T1-2CardGame";
			productName = "T1-2CardGame";
			productReference = CEA67C961FAB8E9D00A64AB6 /* T1-2CardGame.app */;
			productType = "com.apple.product-type.application";
		};
		CEA67CAD1FAB8E9D00A64AB6 /* T1-2CardGameTests */ = {
			isa = PBXNativeTarget;
			buildConfigurationList = CEA67CC51FAB8E9D00A64AB6 /* Build configuration list for PBXNativeTarget "T1-2CardGameTests" */;
			buildPhases = (
				CEA67CAA1FAB8E9D00A64AB6 /* Sources */,
				CEA67CAB1FAB8E9D00A64AB6 /* Frameworks */,
				CEA67CAC1FAB8E9D00A64AB6 /* Resources */,
			);
			buildRules = (
			);
			dependencies = (
				CEA67CB01FAB8E9D00A64AB6 /* PBXTargetDependency */,
			);
			name = "T1-2CardGameTests";
			productName = "T1-2CardGameTests";
			productReference = CEA67CAE1FAB8E9D00A64AB6 /* T1-2CardGameTests.xctest */;
			productType = "com.apple.product-type.bundle.unit-test";
		};
		CEA67CB81FAB8E9D00A64AB6 /* T1-2CardGameUITests */ = {
			isa = PBXNativeTarget;
			buildConfigurationList = CEA67CC81FAB8E9D00A64AB6 /* Build configuration list for PBXNativeTarget "T1-2CardGameUITests" */;
			buildPhases = (
				CEA67CB51FAB8E9D00A64AB6 /* Sources */,
				CEA67CB61FAB8E9D00A64AB6 /* Frameworks */,
				CEA67CB71FAB8E9D00A64AB6 /* Resources */,
			);
			buildRules = (
			);
			dependencies = (
				CEA67CBB1FAB8E9D00A64AB6 /* PBXTargetDependency */,
			);
			name = "T1-2CardGameUITests";
			productName = "T1-2CardGameUITests";
			productReference = CEA67CB91FAB8E9D00A64AB6 /* T1-2CardGameUITests.xctest */;
			productType = "com.apple.product-type.bundle.ui-testing";
		};
/* End PBXNativeTarget section */

/* Begin PBXProject section */
		CEA67C8E1FAB8E9D00A64AB6 /* Project object */ = {
			isa = PBXProject;
			attributes = {
				LastUpgradeCheck = 0910;
				ORGANIZATIONNAME = User;
				TargetAttributes = {
					CEA67C951FAB8E9D00A64AB6 = {
						CreatedOnToolsVersion = 9.1;
						ProvisioningStyle = Automatic;
					};
					CEA67CAD1FAB8E9D00A64AB6 = {
						CreatedOnToolsVersion = 9.1;
						ProvisioningStyle = Automatic;
						TestTargetID = CEA67C951FAB8E9D00A64AB6;
					};
					CEA67CB81FAB8E9D00A64AB6 = {
						CreatedOnToolsVersion = 9.1;
						ProvisioningStyle = Automatic;
						TestTargetID = CEA67C951FAB8E9D00A64AB6;
					};
				};
			};
			buildConfigurationList = CEA67C911FAB8E9D00A64AB6 /* Build configuration list for PBXProject "Assignment3" */;
			compatibilityVersion = "Xcode 8.0";
			developmentRegion = en;
			hasScannedForEncodings = 0;
			knownRegions = (
				en,
				Base,
			);
			mainGroup = CEA67C8D1FAB8E9D00A64AB6;
			productRefGroup = CEA67C971FAB8E9D00A64AB6 /* Products */;
			projectDirPath = "";
			projectRoot = "";
			targets = (
				CEA67C951FAB8E9D00A64AB6 /* T1-2CardGame */,
				CEA67CAD1FAB8E9D00A64AB6 /* T1-2CardGameTests */,
				CEA67CB81FAB8E9D00A64AB6 /* T1-2CardGameUITests */,
			);
		};
/* End PBXProject section */

/* Begin PBXResourcesBuildPhase section */
		CEA67C941FAB8E9D00A64AB6 /* Resources */ = {
			isa = PBXResourcesBuildPhase;
			buildActionMask = 2147483647;
			files = (
				CEA67CA61FAB8E9D00A64AB6 /* LaunchScreen.storyboard in Resources */,
				CEA67CA31FAB8E9D00A64AB6 /* Assets.xcassets in Resources */,
				CEA67CA11FAB8E9D00A64AB6 /* Main.storyboard in Resources */,
			);
			runOnlyForDeploymentPostprocessing = 0;
		};
		CEA67CAC1FAB8E9D00A64AB6 /* Resources */ = {
			isa = PBXResourcesBuildPhase;
			buildActionMask = 2147483647;
			files = (
			);
			runOnlyForDeploymentPostprocessing = 0;
		};
		CEA67CB71FAB8E9D00A64AB6 /* Resources */ = {
			isa = PBXResourcesBuildPhase;
			buildActionMask = 2147483647;
			files = (
			);
			runOnlyForDeploymentPostprocessing = 0;
		};
/* End PBXResourcesBuildPhase section */

/* Begin PBXSourcesBuildPhase section */
		CEA67C921FAB8E9D00A64AB6 /* Sources */ = {
			isa = PBXSourcesBuildPhase;
			buildActionMask = 2147483647;
			files = (
				CEEF237B1FE2D05F006B493D /* CardMatchingGameView.m in Sources */,
				CEA67C9E1FAB8E9D00A64AB6 /* ViewController.m in Sources */,
				CEEA820C1FB5C7CB00B0043A /* PlayingCardDeck.m in Sources */,
				CE126A691FC59A4B004A4472 /* CardGameViewController.m in Sources */,
				CEEF23721FE2CB11006B493D /* CardView.m in Sources */,
				CEEF236C1FE2CA3A006B493D /* PlayingCardSetViewDeck.m in Sources */,
				CEA67CA91FAB8E9D00A64AB6 /* main.m in Sources */,
				CEEA820B1FB5C7CB00B0043A /* PlayingCard.m in Sources */,
				CEEA82091FB5C7CB00B0043A /* CardMatchingGame.m in Sources */,
				CEA67C9B1FAB8E9D00A64AB6 /* AppDelegate.m in Sources */,
				CEEF23641FE2B1A1006B493D /* Grid.m in Sources */,
				CEEA820A1FB5C7CB00B0043A /* Deck.m in Sources */,
				CEEA82081FB5C7CB00B0043A /* Card.m in Sources */,
				CE126A6C1FC59B25004A4472 /* SetGameViewController.m in Sources */,
				CEEF23781FE2CDB4006B493D /* PlayingCardSetView.m in Sources */,
				CEEF23691FE2B70F006B493D /* Draw.m in Sources */,
				CEEF23751FE2CB74006B493D /* DeckView.m in Sources */,
			);
			runOnlyForDeploymentPostprocessing = 0;
		};
		CEA67CAA1FAB8E9D00A64AB6 /* Sources */ = {
			isa = PBXSourcesBuildPhase;
			buildActionMask = 2147483647;
			files = (
				CEA67CB31FAB8E9D00A64AB6 /* T1_2CardGameTests.m in Sources */,
			);
			runOnlyForDeploymentPostprocessing = 0;
		};
		CEA67CB51FAB8E9D00A64AB6 /* Sources */ = {
			isa = PBXSourcesBuildPhase;
			buildActionMask = 2147483647;
			files = (
				CEA67CBE1FAB8E9D00A64AB6 /* T1_2CardGameUITests.m in Sources */,
			);
			runOnlyForDeploymentPostprocessing = 0;
		};
/* End PBXSourcesBuildPhase section */

/* Begin PBXTargetDependency section */
		CEA67CB01FAB8E9D00A64AB6 /* PBXTargetDependency */ = {
			isa = PBXTargetDependency;
			target = CEA67C951FAB8E9D00A64AB6 /* T1-2CardGame */;
			targetProxy = CEA67CAF1FAB8E9D00A64AB6 /* PBXContainerItemProxy */;
		};
		CEA67CBB1FAB8E9D00A64AB6 /* PBXTargetDependency */ = {
			isa = PBXTargetDependency;
			target = CEA67C951FAB8E9D00A64AB6 /* T1-2CardGame */;
			targetProxy = CEA67CBA1FAB8E9D00A64AB6 /* PBXContainerItemProxy */;
		};
/* End PBXTargetDependency section */

/* Begin PBXVariantGroup section */
		CEA67C9F1FAB8E9D00A64AB6 /* Main.storyboard */ = {
			isa = PBXVariantGroup;
			children = (
				CEA67CA01FAB8E9D00A64AB6 /* Base */,
			);
			name = Main.storyboard;
			sourceTree = "<group>";
		};
		CEA67CA41FAB8E9D00A64AB6 /* LaunchScreen.storyboard */ = {
			isa = PBXVariantGroup;
			children = (
				CEA67CA51FAB8E9D00A64AB6 /* Base */,
			);
			name = LaunchScreen.storyboard;
			sourceTree = "<group>";
		};
/* End PBXVariantGroup section */

/* Begin XCBuildConfiguration section */
		CEA67CC01FAB8E9D00A64AB6 /* Debug */ = {
			isa = XCBuildConfiguration;
			buildSettings = {
				ALWAYS_SEARCH_USER_PATHS = NO;
				CLANG_ANALYZER_NONNULL = YES;
				CLANG_ANALYZER_NUMBER_OBJECT_CONVERSION = YES_AGGRESSIVE;
				CLANG_CXX_LANGUAGE_STANDARD = "gnu++14";
				CLANG_CXX_LIBRARY = "libc++";
				CLANG_ENABLE_MODULES = YES;
				CLANG_ENABLE_OBJC_ARC = YES;
				CLANG_WARN_BLOCK_CAPTURE_AUTORELEASING = YES;
				CLANG_WARN_BOOL_CONVERSION = YES;
				CLANG_WARN_COMMA = YES;
				CLANG_WARN_CONSTANT_CONVERSION = YES;
				CLANG_WARN_DIRECT_OBJC_ISA_USAGE = YES_ERROR;
				CLANG_WARN_DOCUMENTATION_COMMENTS = YES;
				CLANG_WARN_EMPTY_BODY = YES;
				CLANG_WARN_ENUM_CONVERSION = YES;
				CLANG_WARN_INFINITE_RECURSION = YES;
				CLANG_WARN_INT_CONVERSION = YES;
				CLANG_WARN_NON_LITERAL_NULL_CONVERSION = YES;
				CLANG_WARN_OBJC_LITERAL_CONVERSION = YES;
				CLANG_WARN_OBJC_ROOT_CLASS = YES_ERROR;
				CLANG_WARN_RANGE_LOOP_ANALYSIS = YES;
				CLANG_WARN_STRICT_PROTOTYPES = YES;
				CLANG_WARN_SUSPICIOUS_MOVE = YES;
				CLANG_WARN_UNGUARDED_AVAILABILITY = YES_AGGRESSIVE;
				CLANG_WARN_UNREACHABLE_CODE = YES;
				CLANG_WARN__DUPLICATE_METHOD_MATCH = YES;
				CODE_SIGN_IDENTITY = "iPhone Developer";
				COPY_PHASE_STRIP = NO;
				DEBUG_INFORMATION_FORMAT = dwarf;
				ENABLE_STRICT_OBJC_MSGSEND = YES;
				ENABLE_TESTABILITY = YES;
				GCC_C_LANGUAGE_STANDARD = gnu11;
				GCC_DYNAMIC_NO_PIC = NO;
				GCC_NO_COMMON_BLOCKS = YES;
				GCC_OPTIMIZATION_LEVEL = 0;
				GCC_PREPROCESSOR_DEFINITIONS = (
					"DEBUG=1",
					"$(inherited)",
				);
				GCC_WARN_64_TO_32_BIT_CONVERSION = YES;
				GCC_WARN_ABOUT_RETURN_TYPE = YES_ERROR;
				GCC_WARN_UNDECLARED_SELECTOR = YES;
				GCC_WARN_UNINITIALIZED_AUTOS = YES_AGGRESSIVE;
				GCC_WARN_UNUSED_FUNCTION = YES;
				GCC_WARN_UNUSED_VARIABLE = YES;
				IPHONEOS_DEPLOYMENT_TARGET = 11.1;
				MTL_ENABLE_DEBUG_INFO = YES;
				ONLY_ACTIVE_ARCH = YES;
				SDKROOT = iphoneos;
			};
			name = Debug;
		};
		CEA67CC11FAB8E9D00A64AB6 /* Release */ = {
			isa = XCBuildConfiguration;
			buildSettings = {
				ALWAYS_SEARCH_USER_PATHS = NO;
				CLANG_ANALYZER_NONNULL = YES;
				CLANG_ANALYZER_NUMBER_OBJECT_CONVERSION = YES_AGGRESSIVE;
				CLANG_CXX_LANGUAGE_STANDARD = "gnu++14";
				CLANG_CXX_LIBRARY = "libc++";
				CLANG_ENABLE_MODULES = YES;
				CLANG_ENABLE_OBJC_ARC = YES;
				CLANG_WARN_BLOCK_CAPTURE_AUTORELEASING = YES;
				CLANG_WARN_BOOL_CONVERSION = YES;
				CLANG_WARN_COMMA = YES;
				CLANG_WARN_CONSTANT_CONVERSION = YES;
				CLANG_WARN_DIRECT_OBJC_ISA_USAGE = YES_ERROR;
				CLANG_WARN_DOCUMENTATION_COMMENTS = YES;
				CLANG_WARN_EMPTY_BODY = YES;
				CLANG_WARN_ENUM_CONVERSION = YES;
				CLANG_WARN_INFINITE_RECURSION = YES;
				CLANG_WARN_INT_CONVERSION = YES;
				CLANG_WARN_NON_LITERAL_NULL_CONVERSION = YES;
				CLANG_WARN_OBJC_LITERAL_CONVERSION = YES;
				CLANG_WARN_OBJC_ROOT_CLASS = YES_ERROR;
				CLANG_WARN_RANGE_LOOP_ANALYSIS = YES;
				CLANG_WARN_STRICT_PROTOTYPES = YES;
				CLANG_WARN_SUSPICIOUS_MOVE = YES;
				CLANG_WARN_UNGUARDED_AVAILABILITY = YES_AGGRESSIVE;
				CLANG_WARN_UNREACHABLE_CODE = YES;
				CLANG_WARN__DUPLICATE_METHOD_MATCH = YES;
				CODE_SIGN_IDENTITY = "iPhone Developer";
				COPY_PHASE_STRIP = NO;
				DEBUG_INFORMATION_FORMAT = "dwarf-with-dsym";
				ENABLE_NS_ASSERTIONS = NO;
				ENABLE_STRICT_OBJC_MSGSEND = YES;
				GCC_C_LANGUAGE_STANDARD = gnu11;
				GCC_NO_COMMON_BLOCKS = YES;
				GCC_WARN_64_TO_32_BIT_CONVERSION = YES;
				GCC_WARN_ABOUT_RETURN_TYPE = YES_ERROR;
				GCC_WARN_UNDECLARED_SELECTOR = YES;
				GCC_WARN_UNINITIALIZED_AUTOS = YES_AGGRESSIVE;
				GCC_WARN_UNUSED_FUNCTION = YES;
				GCC_WARN_UNUSED_VARIABLE = YES;
				IPHONEOS_DEPLOYMENT_TARGET = 11.1;
				MTL_ENABLE_DEBUG_INFO = NO;
				SDKROOT = iphoneos;
				VALIDATE_PRODUCT = YES;
			};
			name = Release;
		};
		CEA67CC31FAB8E9D00A64AB6 /* Debug */ = {
			isa = XCBuildConfiguration;
			buildSettings = {
				ASSETCATALOG_COMPILER_APPICON_NAME = AppIcon;
				CODE_SIGN_STYLE = Automatic;
				DEVELOPMENT_TEAM = 39446JG6PB;
				INFOPLIST_FILE = "T1-2CardGame/Info.plist";
				LD_RUNPATH_SEARCH_PATHS = "$(inherited) @executable_path/Frameworks";
				PRODUCT_BUNDLE_IDENTIFIER = "com.x2mobile.T1-2CardGame";
				PRODUCT_NAME = "$(TARGET_NAME)";
				TARGETED_DEVICE_FAMILY = "1,2";
			};
			name = Debug;
		};
		CEA67CC41FAB8E9D00A64AB6 /* Release */ = {
			isa = XCBuildConfiguration;
			buildSettings = {
				ASSETCATALOG_COMPILER_APPICON_NAME = AppIcon;
				CODE_SIGN_STYLE = Automatic;
				DEVELOPMENT_TEAM = 39446JG6PB;
				INFOPLIST_FILE = "T1-2CardGame/Info.plist";
				LD_RUNPATH_SEARCH_PATHS = "$(inherited) @executable_path/Frameworks";
				PRODUCT_BUNDLE_IDENTIFIER = "com.x2mobile.T1-2CardGame";
				PRODUCT_NAME = "$(TARGET_NAME)";
				TARGETED_DEVICE_FAMILY = "1,2";
			};
			name = Release;
		};
		CEA67CC61FAB8E9D00A64AB6 /* Debug */ = {
			isa = XCBuildConfiguration;
			buildSettings = {
				BUNDLE_LOADER = "$(TEST_HOST)";
				CODE_SIGN_STYLE = Automatic;
				DEVELOPMENT_TEAM = QKUV42T9QW;
				INFOPLIST_FILE = "T1-2CardGameTests/Info.plist";
				LD_RUNPATH_SEARCH_PATHS = "$(inherited) @executable_path/Frameworks @loader_path/Frameworks";
				PRODUCT_BUNDLE_IDENTIFIER = "com.victor.T1-2CardGameTests";
				PRODUCT_NAME = "$(TARGET_NAME)";
				TARGETED_DEVICE_FAMILY = "1,2";
				TEST_HOST = "$(BUILT_PRODUCTS_DIR)/T1-2CardGame.app/T1-2CardGame";
			};
			name = Debug;
		};
		CEA67CC71FAB8E9D00A64AB6 /* Release */ = {
			isa = XCBuildConfiguration;
			buildSettings = {
				BUNDLE_LOADER = "$(TEST_HOST)";
				CODE_SIGN_STYLE = Automatic;
				DEVELOPMENT_TEAM = QKUV42T9QW;
				INFOPLIST_FILE = "T1-2CardGameTests/Info.plist";
				LD_RUNPATH_SEARCH_PATHS = "$(inherited) @executable_path/Frameworks @loader_path/Frameworks";
				PRODUCT_BUNDLE_IDENTIFIER = "com.victor.T1-2CardGameTests";
				PRODUCT_NAME = "$(TARGET_NAME)";
				TARGETED_DEVICE_FAMILY = "1,2";
				TEST_HOST = "$(BUILT_PRODUCTS_DIR)/T1-2CardGame.app/T1-2CardGame";
			};
			name = Release;
		};
		CEA67CC91FAB8E9D00A64AB6 /* Debug */ = {
			isa = XCBuildConfiguration;
			buildSettings = {
				CODE_SIGN_STYLE = Automatic;
				DEVELOPMENT_TEAM = QKUV42T9QW;
				INFOPLIST_FILE = "T1-2CardGameUITests/Info.plist";
				LD_RUNPATH_SEARCH_PATHS = "$(inherited) @executable_path/Frameworks @loader_path/Frameworks";
				PRODUCT_BUNDLE_IDENTIFIER = "com.victor.T1-2CardGameUITests";
				PRODUCT_NAME = "$(TARGET_NAME)";
				TARGETED_DEVICE_FAMILY = "1,2";
				TEST_TARGET_NAME = "T1-2CardGame";
			};
			name = Debug;
		};
		CEA67CCA1FAB8E9D00A64AB6 /* Release */ = {
			isa = XCBuildConfiguration;
			buildSettings = {
				CODE_SIGN_STYLE = Automatic;
				DEVELOPMENT_TEAM = QKUV42T9QW;
				INFOPLIST_FILE = "T1-2CardGameUITests/Info.plist";
				LD_RUNPATH_SEARCH_PATHS = "$(inherited) @executable_path/Frameworks @loader_path/Frameworks";
				PRODUCT_BUNDLE_IDENTIFIER = "com.victor.T1-2CardGameUITests";
				PRODUCT_NAME = "$(TARGET_NAME)";
				TARGETED_DEVICE_FAMILY = "1,2";
				TEST_TARGET_NAME = "T1-2CardGame";
			};
			name = Release;
		};
/* End XCBuildConfiguration section */

/* Begin XCConfigurationList section */
		CEA67C911FAB8E9D00A64AB6 /* Build configuration list for PBXProject "Assignment3" */ = {
			isa = XCConfigurationList;
			buildConfigurations = (
				CEA67CC01FAB8E9D00A64AB6 /* Debug */,
				CEA67CC11FAB8E9D00A64AB6 /* Release */,
			);
			defaultConfigurationIsVisible = 0;
			defaultConfigurationName = Release;
		};
		CEA67CC21FAB8E9D00A64AB6 /* Build configuration list for PBXNativeTarget "T1-2CardGame" */ = {
			isa = XCConfigurationList;
			buildConfigurations = (
				CEA67CC31FAB8E9D00A64AB6 /* Debug */,
				CEA67CC41FAB8E9D00A64AB6 /* Release */,
			);
			defaultConfigurationIsVisible = 0;
			defaultConfigurationName = Release;
		};
		CEA67CC51FAB8E9D00A64AB6 /* Build configuration list for PBXNativeTarget "T1-2CardGameTests" */ = {
			isa = XCConfigurationList;
			buildConfigurations = (
				CEA67CC61FAB8E9D00A64AB6 /* Debug */,
				CEA67CC71FAB8E9D00A64AB6 /* Release */,
			);
			defaultConfigurationIsVisible = 0;
			defaultConfigurationName = Release;
		};
		CEA67CC81FAB8E9D00A64AB6 /* Build configuration list for PBXNativeTarget "T1-2CardGameUITests" */ = {
			isa = XCConfigurationList;
			buildConfigurations = (
				CEA67CC91FAB8E9D00A64AB6 /* Debug */,
				CEA67CCA1FAB8E9D00A64AB6 /* Release */,
			);
			defaultConfigurationIsVisible = 0;
			defaultConfigurationName = Release;
		};
/* End XCConfigurationList section */
	};
	rootObject = CEA67C8E1FAB8E9D00A64AB6 /* Project object */;
}
